// !$*UTF8*$!
{
	archiveVersion = 1;
	classes = {
	};
	objectVersion = 46;
	objects = {

/* Begin PBXBuildFile section */
		9900CBBA1499EA26003B8D76 /* UIKit.framework in Frameworks */ = {isa = PBXBuildFile; fileRef = 9900CBB91499EA26003B8D76 /* UIKit.framework */; };
		9900CBBC1499EA26003B8D76 /* Foundation.framework in Frameworks */ = {isa = PBXBuildFile; fileRef = 9900CBBB1499EA26003B8D76 /* Foundation.framework */; };
		9900CBBE1499EA26003B8D76 /* CoreGraphics.framework in Frameworks */ = {isa = PBXBuildFile; fileRef = 9900CBBD1499EA26003B8D76 /* CoreGraphics.framework */; };
		9900CBC41499EA26003B8D76 /* InfoPlist.strings in Resources */ = {isa = PBXBuildFile; fileRef = 9900CBC21499EA26003B8D76 /* InfoPlist.strings */; };
		9900CBC61499EA26003B8D76 /* main.m in Sources */ = {isa = PBXBuildFile; fileRef = 9900CBC51499EA26003B8D76 /* main.m */; };
		9900CBCA1499EA26003B8D76 /* AppDelegate.m in Sources */ = {isa = PBXBuildFile; fileRef = 9900CBC91499EA26003B8D76 /* AppDelegate.m */; };
		9900CBCD1499EA26003B8D76 /* ViewController.m in Sources */ = {isa = PBXBuildFile; fileRef = 9900CBCC1499EA26003B8D76 /* ViewController.m */; };
		9900CBD01499EA26003B8D76 /* ViewController.xib in Resources */ = {isa = PBXBuildFile; fileRef = 9900CBCE1499EA26003B8D76 /* ViewController.xib */; };
		9900CBD91499EC5E003B8D76 /* PDFPageView.m in Sources */ = {isa = PBXBuildFile; fileRef = 9900CBD81499EC5E003B8D76 /* PDFPageView.m */; };
		9900CBDD1499EC88003B8D76 /* PDFSearchClass.m in Sources */ = {isa = PBXBuildFile; fileRef = 9900CBDC1499EC88003B8D76 /* PDFSearchClass.m */; };
		9900CBE11499ECDD003B8D76 /* data.pdf in Resources */ = {isa = PBXBuildFile; fileRef = 9900CBE01499ECDD003B8D76 /* data.pdf */; };
		9900CBF9149A0E03003B8D76 /* PDFPageContainerScrollView.m in Sources */ = {isa = PBXBuildFile; fileRef = 9900CBF8149A0E03003B8D76 /* PDFPageContainerScrollView.m */; };
		9900CC05149A1F40003B8D76 /* ReaderConstants.m in Sources */ = {isa = PBXBuildFile; fileRef = 9900CBFC149A1F40003B8D76 /* ReaderConstants.m */; settings = {COMPILER_FLAGS = "-fno-objc-arc"; }; };
		9900CC06149A1F40003B8D76 /* ReaderContentPage.m in Sources */ = {isa = PBXBuildFile; fileRef = 9900CBFE149A1F40003B8D76 /* ReaderContentPage.m */; settings = {COMPILER_FLAGS = "-fno-objc-arc"; }; };
		9900CC07149A1F40003B8D76 /* ReaderContentView.m in Sources */ = {isa = PBXBuildFile; fileRef = 9900CC00149A1F40003B8D76 /* ReaderContentView.m */; settings = {COMPILER_FLAGS = "-fno-objc-arc"; }; };
		9900CC08149A1F40003B8D76 /* ReaderDocument.m in Sources */ = {isa = PBXBuildFile; fileRef = 9900CC02149A1F40003B8D76 /* ReaderDocument.m */; settings = {COMPILER_FLAGS = "-fno-objc-arc"; }; };
		9900CC09149A1F40003B8D76 /* ReaderViewController.m in Sources */ = {isa = PBXBuildFile; fileRef = 9900CC04149A1F40003B8D76 /* ReaderViewController.m */; settings = {COMPILER_FLAGS = "-fno-objc-arc"; }; };
		9900CC0C149A200B003B8D76 /* ReaderContentTile.m in Sources */ = {isa = PBXBuildFile; fileRef = 9900CC0B149A200B003B8D76 /* ReaderContentTile.m */; settings = {COMPILER_FLAGS = "-fno-objc-arc"; }; };
		9900CC0F149A2033003B8D76 /* CGPDFDocument.m in Sources */ = {isa = PBXBuildFile; fileRef = 9900CC0E149A2033003B8D76 /* CGPDFDocument.m */; settings = {COMPILER_FLAGS = "-fno-objc-arc"; }; };
		9900CC1C149A21B8003B8D76 /* ReaderMainToolbar.m in Sources */ = {isa = PBXBuildFile; fileRef = 9900CC1B149A21B8003B8D76 /* ReaderMainToolbar.m */; settings = {COMPILER_FLAGS = "-fno-objc-arc"; }; };
		99B182CD149A228C00BBDBE8 /* UIXToolbarView.m in Sources */ = {isa = PBXBuildFile; fileRef = 99B182CC149A228C00BBDBE8 /* UIXToolbarView.m */; settings = {COMPILER_FLAGS = "-fno-objc-arc"; }; };
		99B182D8149A280100BBDBE8 /* Reader-Button-H.png in Resources */ = {isa = PBXBuildFile; fileRef = 99B182D0149A280100BBDBE8 /* Reader-Button-H.png */; };
		99B182D9149A280100BBDBE8 /* Reader-Button-H@2x.png in Resources */ = {isa = PBXBuildFile; fileRef = 99B182D1149A280100BBDBE8 /* Reader-Button-H@2x.png */; };
		99B182DA149A280100BBDBE8 /* Reader-Button-N.png in Resources */ = {isa = PBXBuildFile; fileRef = 99B182D2149A280100BBDBE8 /* Reader-Button-N.png */; };
		99B182DB149A280100BBDBE8 /* Reader-Button-N@2x.png in Resources */ = {isa = PBXBuildFile; fileRef = 99B182D3149A280100BBDBE8 /* Reader-Button-N@2x.png */; };
		99B182DC149A280100BBDBE8 /* Reader-Mark-N.png in Resources */ = {isa = PBXBuildFile; fileRef = 99B182D4149A280100BBDBE8 /* Reader-Mark-N.png */; };
		99B182DD149A280100BBDBE8 /* Reader-Mark-N@2x.png in Resources */ = {isa = PBXBuildFile; fileRef = 99B182D5149A280100BBDBE8 /* Reader-Mark-N@2x.png */; };
		99B182DE149A280100BBDBE8 /* Reader-Mark-Y.png in Resources */ = {isa = PBXBuildFile; fileRef = 99B182D6149A280100BBDBE8 /* Reader-Mark-Y.png */; };
		99B182DF149A280100BBDBE8 /* Reader-Mark-Y@2x.png in Resources */ = {isa = PBXBuildFile; fileRef = 99B182D7149A280100BBDBE8 /* Reader-Mark-Y@2x.png */; };
		9A049DFF1499F7510031BA05 /* QuartzCore.framework in Frameworks */ = {isa = PBXBuildFile; fileRef = 9A049DFE1499F7510031BA05 /* QuartzCore.framework */; };
/* End PBXBuildFile section */

/* Begin PBXFileReference section */
		9900CBB51499EA26003B8D76 /* MedicalPDFReader.app */ = {isa = PBXFileReference; explicitFileType = wrapper.application; includeInIndex = 0; path = MedicalPDFReader.app; sourceTree = BUILT_PRODUCTS_DIR; };
		9900CBB91499EA26003B8D76 /* UIKit.framework */ = {isa = PBXFileReference; lastKnownFileType = wrapper.framework; name = UIKit.framework; path = System/Library/Frameworks/UIKit.framework; sourceTree = SDKROOT; };
		9900CBBB1499EA26003B8D76 /* Foundation.framework */ = {isa = PBXFileReference; lastKnownFileType = wrapper.framework; name = Foundation.framework; path = System/Library/Frameworks/Foundation.framework; sourceTree = SDKROOT; };
		9900CBBD1499EA26003B8D76 /* CoreGraphics.framework */ = {isa = PBXFileReference; lastKnownFileType = wrapper.framework; name = CoreGraphics.framework; path = System/Library/Frameworks/CoreGraphics.framework; sourceTree = SDKROOT; };
		9900CBC11499EA26003B8D76 /* MedicalPDFReader-Info.plist */ = {isa = PBXFileReference; lastKnownFileType = text.plist.xml; path = "MedicalPDFReader-Info.plist"; sourceTree = "<group>"; };
		9900CBC31499EA26003B8D76 /* en */ = {isa = PBXFileReference; lastKnownFileType = text.plist.strings; name = en; path = en.lproj/InfoPlist.strings; sourceTree = "<group>"; };
		9900CBC51499EA26003B8D76 /* main.m */ = {isa = PBXFileReference; lastKnownFileType = sourcecode.c.objc; path = main.m; sourceTree = "<group>"; };
		9900CBC71499EA26003B8D76 /* MedicalPDFReader-Prefix.pch */ = {isa = PBXFileReference; lastKnownFileType = sourcecode.c.h; path = "MedicalPDFReader-Prefix.pch"; sourceTree = "<group>"; };
		9900CBC81499EA26003B8D76 /* AppDelegate.h */ = {isa = PBXFileReference; lastKnownFileType = sourcecode.c.h; path = AppDelegate.h; sourceTree = "<group>"; };
		9900CBC91499EA26003B8D76 /* AppDelegate.m */ = {isa = PBXFileReference; lastKnownFileType = sourcecode.c.objc; path = AppDelegate.m; sourceTree = "<group>"; };
		9900CBCB1499EA26003B8D76 /* ViewController.h */ = {isa = PBXFileReference; lastKnownFileType = sourcecode.c.h; path = ViewController.h; sourceTree = "<group>"; };
		9900CBCC1499EA26003B8D76 /* ViewController.m */ = {isa = PBXFileReference; lastKnownFileType = sourcecode.c.objc; path = ViewController.m; sourceTree = "<group>"; };
		9900CBCF1499EA26003B8D76 /* en */ = {isa = PBXFileReference; lastKnownFileType = file.xib; name = en; path = en.lproj/ViewController.xib; sourceTree = "<group>"; };
		9900CBD71499EC5E003B8D76 /* PDFPageView.h */ = {isa = PBXFileReference; fileEncoding = 4; lastKnownFileType = sourcecode.c.h; name = PDFPageView.h; path = PDFPageView/PDFPageView.h; sourceTree = "<group>"; };
		9900CBD81499EC5E003B8D76 /* PDFPageView.m */ = {isa = PBXFileReference; fileEncoding = 4; lastKnownFileType = sourcecode.c.objc; name = PDFPageView.m; path = PDFPageView/PDFPageView.m; sourceTree = "<group>"; };
		9900CBDB1499EC88003B8D76 /* PDFSearchClass.h */ = {isa = PBXFileReference; fileEncoding = 4; lastKnownFileType = sourcecode.c.h; name = PDFSearchClass.h; path = "PDF Search Class/PDFSearchClass.h"; sourceTree = "<group>"; };
		9900CBDC1499EC88003B8D76 /* PDFSearchClass.m */ = {isa = PBXFileReference; fileEncoding = 4; lastKnownFileType = sourcecode.c.objc; name = PDFSearchClass.m; path = "PDF Search Class/PDFSearchClass.m"; sourceTree = "<group>"; };
		9900CBE01499ECDD003B8D76 /* data.pdf */ = {isa = PBXFileReference; lastKnownFileType = image.pdf; path = data.pdf; sourceTree = "<group>"; };
		9900CBF7149A0E02003B8D76 /* PDFPageContainerScrollView.h */ = {isa = PBXFileReference; fileEncoding = 4; lastKnownFileType = sourcecode.c.h; name = PDFPageContainerScrollView.h; path = PDFPageView/PDFPageContainerScrollView.h; sourceTree = "<group>"; };
		9900CBF8149A0E03003B8D76 /* PDFPageContainerScrollView.m */ = {isa = PBXFileReference; fileEncoding = 4; lastKnownFileType = sourcecode.c.objc; name = PDFPageContainerScrollView.m; path = PDFPageView/PDFPageContainerScrollView.m; sourceTree = "<group>"; };
		9900CBFB149A1F40003B8D76 /* ReaderConstants.h */ = {isa = PBXFileReference; fileEncoding = 4; lastKnownFileType = sourcecode.c.h; name = ReaderConstants.h; path = Reader/ReaderConstants.h; sourceTree = "<group>"; };
		9900CBFC149A1F40003B8D76 /* ReaderConstants.m */ = {isa = PBXFileReference; fileEncoding = 4; lastKnownFileType = sourcecode.c.objc; name = ReaderConstants.m; path = Reader/ReaderConstants.m; sourceTree = "<group>"; };
		9900CBFD149A1F40003B8D76 /* ReaderContentPage.h */ = {isa = PBXFileReference; fileEncoding = 4; lastKnownFileType = sourcecode.c.h; name = ReaderContentPage.h; path = Reader/ReaderContentPage.h; sourceTree = "<group>"; };
		9900CBFE149A1F40003B8D76 /* ReaderContentPage.m */ = {isa = PBXFileReference; fileEncoding = 4; lastKnownFileType = sourcecode.c.objc; name = ReaderContentPage.m; path = Reader/ReaderContentPage.m; sourceTree = "<group>"; };
		9900CBFF149A1F40003B8D76 /* ReaderContentView.h */ = {isa = PBXFileReference; fileEncoding = 4; lastKnownFileType = sourcecode.c.h; name = ReaderContentView.h; path = Reader/ReaderContentView.h; sourceTree = "<group>"; };
		9900CC00149A1F40003B8D76 /* ReaderContentView.m */ = {isa = PBXFileReference; fileEncoding = 4; lastKnownFileType = sourcecode.c.objc; name = ReaderContentView.m; path = Reader/ReaderContentView.m; sourceTree = "<group>"; };
		9900CC01149A1F40003B8D76 /* ReaderDocument.h */ = {isa = PBXFileReference; fileEncoding = 4; lastKnownFileType = sourcecode.c.h; name = ReaderDocument.h; path = Reader/ReaderDocument.h; sourceTree = "<group>"; };
		9900CC02149A1F40003B8D76 /* ReaderDocument.m */ = {isa = PBXFileReference; fileEncoding = 4; lastKnownFileType = sourcecode.c.objc; name = ReaderDocument.m; path = Reader/ReaderDocument.m; sourceTree = "<group>"; };
		9900CC03149A1F40003B8D76 /* ReaderViewController.h */ = {isa = PBXFileReference; fileEncoding = 4; lastKnownFileType = sourcecode.c.h; name = ReaderViewController.h; path = Reader/ReaderViewController.h; sourceTree = "<group>"; };
		9900CC04149A1F40003B8D76 /* ReaderViewController.m */ = {isa = PBXFileReference; fileEncoding = 4; lastKnownFileType = sourcecode.c.objc; name = ReaderViewController.m; path = Reader/ReaderViewController.m; sourceTree = "<group>"; };
		9900CC0A149A200B003B8D76 /* ReaderContentTile.h */ = {isa = PBXFileReference; fileEncoding = 4; lastKnownFileType = sourcecode.c.h; name = ReaderContentTile.h; path = Reader/ReaderContentTile.h; sourceTree = "<group>"; };
		9900CC0B149A200B003B8D76 /* ReaderContentTile.m */ = {isa = PBXFileReference; fileEncoding = 4; lastKnownFileType = sourcecode.c.objc; name = ReaderContentTile.m; path = Reader/ReaderContentTile.m; sourceTree = "<group>"; };
		9900CC0D149A2032003B8D76 /* CGPDFDocument.h */ = {isa = PBXFileReference; fileEncoding = 4; lastKnownFileType = sourcecode.c.h; name = CGPDFDocument.h; path = Reader/CGPDFDocument.h; sourceTree = "<group>"; };
		9900CC0E149A2033003B8D76 /* CGPDFDocument.m */ = {isa = PBXFileReference; fileEncoding = 4; lastKnownFileType = sourcecode.c.objc; name = CGPDFDocument.m; path = Reader/CGPDFDocument.m; sourceTree = "<group>"; };
		9900CC1A149A21B8003B8D76 /* ReaderMainToolbar.h */ = {isa = PBXFileReference; fileEncoding = 4; lastKnownFileType = sourcecode.c.h; name = ReaderMainToolbar.h; path = Reader/ReaderMainToolbar.h; sourceTree = "<group>"; };
		9900CC1B149A21B8003B8D76 /* ReaderMainToolbar.m */ = {isa = PBXFileReference; fileEncoding = 4; lastKnownFileType = sourcecode.c.objc; name = ReaderMainToolbar.m; path = Reader/ReaderMainToolbar.m; sourceTree = "<group>"; };
		99B182CB149A228C00BBDBE8 /* UIXToolbarView.h */ = {isa = PBXFileReference; fileEncoding = 4; lastKnownFileType = sourcecode.c.h; name = UIXToolbarView.h; path = Reader/UIXToolbarView.h; sourceTree = "<group>"; };
		99B182CC149A228C00BBDBE8 /* UIXToolbarView.m */ = {isa = PBXFileReference; fileEncoding = 4; lastKnownFileType = sourcecode.c.objc; name = UIXToolbarView.m; path = Reader/UIXToolbarView.m; sourceTree = "<group>"; };
		99B182D0149A280100BBDBE8 /* Reader-Button-H.png */ = {isa = PBXFileReference; lastKnownFileType = image.png; path = "Reader-Button-H.png"; sourceTree = "<group>"; };
		99B182D1149A280100BBDBE8 /* Reader-Button-H@2x.png */ = {isa = PBXFileReference; lastKnownFileType = image.png; path = "Reader-Button-H@2x.png"; sourceTree = "<group>"; };
		99B182D2149A280100BBDBE8 /* Reader-Button-N.png */ = {isa = PBXFileReference; lastKnownFileType = image.png; path = "Reader-Button-N.png"; sourceTree = "<group>"; };
		99B182D3149A280100BBDBE8 /* Reader-Button-N@2x.png */ = {isa = PBXFileReference; lastKnownFileType = image.png; path = "Reader-Button-N@2x.png"; sourceTree = "<group>"; };
		99B182D4149A280100BBDBE8 /* Reader-Mark-N.png */ = {isa = PBXFileReference; lastKnownFileType = image.png; path = "Reader-Mark-N.png"; sourceTree = "<group>"; };
		99B182D5149A280100BBDBE8 /* Reader-Mark-N@2x.png */ = {isa = PBXFileReference; lastKnownFileType = image.png; path = "Reader-Mark-N@2x.png"; sourceTree = "<group>"; };
		99B182D6149A280100BBDBE8 /* Reader-Mark-Y.png */ = {isa = PBXFileReference; lastKnownFileType = image.png; path = "Reader-Mark-Y.png"; sourceTree = "<group>"; };
		99B182D7149A280100BBDBE8 /* Reader-Mark-Y@2x.png */ = {isa = PBXFileReference; lastKnownFileType = image.png; path = "Reader-Mark-Y@2x.png"; sourceTree = "<group>"; };
		9A049DFE1499F7510031BA05 /* QuartzCore.framework */ = {isa = PBXFileReference; lastKnownFileType = wrapper.framework; name = QuartzCore.framework; path = System/Library/Frameworks/QuartzCore.framework; sourceTree = SDKROOT; };
/* End PBXFileReference section */

/* Begin PBXFrameworksBuildPhase section */
		9900CBB21499EA26003B8D76 /* Frameworks */ = {
			isa = PBXFrameworksBuildPhase;
			buildActionMask = 2147483647;
			files = (
				9A049DFF1499F7510031BA05 /* QuartzCore.framework in Frameworks */,
				9900CBBA1499EA26003B8D76 /* UIKit.framework in Frameworks */,
				9900CBBC1499EA26003B8D76 /* Foundation.framework in Frameworks */,
				9900CBBE1499EA26003B8D76 /* CoreGraphics.framework in Frameworks */,
			);
			runOnlyForDeploymentPostprocessing = 0;
		};
/* End PBXFrameworksBuildPhase section */

/* Begin PBXGroup section */
		9900CBAA1499EA26003B8D76 = {
			isa = PBXGroup;
			children = (
				9A049DFE1499F7510031BA05 /* QuartzCore.framework */,
				9900CBBF1499EA26003B8D76 /* MedicalPDFReader */,
				9900CBB81499EA26003B8D76 /* Frameworks */,
				9900CBB61499EA26003B8D76 /* Products */,
			);
			sourceTree = "<group>";
		};
		9900CBB61499EA26003B8D76 /* Products */ = {
			isa = PBXGroup;
			children = (
				9900CBB51499EA26003B8D76 /* MedicalPDFReader.app */,
			);
			name = Products;
			sourceTree = "<group>";
		};
		9900CBB81499EA26003B8D76 /* Frameworks */ = {
			isa = PBXGroup;
			children = (
				9900CBB91499EA26003B8D76 /* UIKit.framework */,
				9900CBBB1499EA26003B8D76 /* Foundation.framework */,
				9900CBBD1499EA26003B8D76 /* CoreGraphics.framework */,
			);
			name = Frameworks;
			sourceTree = "<group>";
		};
		9900CBBF1499EA26003B8D76 /* MedicalPDFReader */ = {
			isa = PBXGroup;
			children = (
				9900CBFA149A1F1F003B8D76 /* Reader */,
				9900CBDA1499EC6B003B8D76 /* PDF Search */,
				9900CBD61499EC3F003B8D76 /* PDF Page View */,
				9900CBC81499EA26003B8D76 /* AppDelegate.h */,
				9900CBC91499EA26003B8D76 /* AppDelegate.m */,
				9900CBCB1499EA26003B8D76 /* ViewController.h */,
				9900CBCC1499EA26003B8D76 /* ViewController.m */,
				9900CBCE1499EA26003B8D76 /* ViewController.xib */,
				9900CBC01499EA26003B8D76 /* Supporting Files */,
			);
			path = MedicalPDFReader;
			sourceTree = "<group>";
		};
		9900CBC01499EA26003B8D76 /* Supporting Files */ = {
			isa = PBXGroup;
			children = (
				9900CBDE1499EC8D003B8D76 /* Resources */,
				9900CBC11499EA26003B8D76 /* MedicalPDFReader-Info.plist */,
				9900CBC21499EA26003B8D76 /* InfoPlist.strings */,
				9900CBC51499EA26003B8D76 /* main.m */,
				9900CBC71499EA26003B8D76 /* MedicalPDFReader-Prefix.pch */,
			);
			name = "Supporting Files";
			sourceTree = "<group>";
		};
		9900CBD61499EC3F003B8D76 /* PDF Page View */ = {
			isa = PBXGroup;
			children = (
				9900CBD71499EC5E003B8D76 /* PDFPageView.h */,
				9900CBD81499EC5E003B8D76 /* PDFPageView.m */,
				9900CBF7149A0E02003B8D76 /* PDFPageContainerScrollView.h */,
				9900CBF8149A0E03003B8D76 /* PDFPageContainerScrollView.m */,
			);
			name = "PDF Page View";
			sourceTree = "<group>";
		};
		9900CBDA1499EC6B003B8D76 /* PDF Search */ = {
			isa = PBXGroup;
			children = (
				9900CBDB1499EC88003B8D76 /* PDFSearchClass.h */,
				9900CBDC1499EC88003B8D76 /* PDFSearchClass.m */,
			);
			name = "PDF Search";
			sourceTree = "<group>";
		};
		9900CBDE1499EC8D003B8D76 /* Resources */ = {
			isa = PBXGroup;
			children = (
				99B182CF149A280100BBDBE8 /* images */,
				9900CBDF1499ECDD003B8D76 /* pdf */,
			);
			name = Resources;
			sourceTree = "<group>";
		};
		9900CBDF1499ECDD003B8D76 /* pdf */ = {
			isa = PBXGroup;
			children = (
				9900CBE01499ECDD003B8D76 /* data.pdf */,
			);
			name = pdf;
			path = Resources/pdf;
			sourceTree = "<group>";
		};
		9900CBFA149A1F1F003B8D76 /* Reader */ = {
			isa = PBXGroup;
			children = (
				99B182CB149A228C00BBDBE8 /* UIXToolbarView.h */,
				99B182CC149A228C00BBDBE8 /* UIXToolbarView.m */,
				9900CC1A149A21B8003B8D76 /* ReaderMainToolbar.h */,
				9900CC1B149A21B8003B8D76 /* ReaderMainToolbar.m */,
				9900CC0D149A2032003B8D76 /* CGPDFDocument.h */,
				9900CC0E149A2033003B8D76 /* CGPDFDocument.m */,
				9900CC0A149A200B003B8D76 /* ReaderContentTile.h */,
				9900CC0B149A200B003B8D76 /* ReaderContentTile.m */,
				9900CBFB149A1F40003B8D76 /* ReaderConstants.h */,
				9900CBFC149A1F40003B8D76 /* ReaderConstants.m */,
				9900CBFD149A1F40003B8D76 /* ReaderContentPage.h */,
				9900CBFE149A1F40003B8D76 /* ReaderContentPage.m */,
				9900CBFF149A1F40003B8D76 /* ReaderContentView.h */,
				9900CC00149A1F40003B8D76 /* ReaderContentView.m */,
				9900CC01149A1F40003B8D76 /* ReaderDocument.h */,
				9900CC02149A1F40003B8D76 /* ReaderDocument.m */,
				9900CC03149A1F40003B8D76 /* ReaderViewController.h */,
				9900CC04149A1F40003B8D76 /* ReaderViewController.m */,
			);
			name = Reader;
			sourceTree = "<group>";
		};
		99B182CF149A280100BBDBE8 /* images */ = {
			isa = PBXGroup;
			children = (
				99B182D0149A280100BBDBE8 /* Reader-Button-H.png */,
				99B182D1149A280100BBDBE8 /* Reader-Button-H@2x.png */,
				99B182D2149A280100BBDBE8 /* Reader-Button-N.png */,
				99B182D3149A280100BBDBE8 /* Reader-Button-N@2x.png */,
				99B182D4149A280100BBDBE8 /* Reader-Mark-N.png */,
				99B182D5149A280100BBDBE8 /* Reader-Mark-N@2x.png */,
				99B182D6149A280100BBDBE8 /* Reader-Mark-Y.png */,
				99B182D7149A280100BBDBE8 /* Reader-Mark-Y@2x.png */,
			);
			name = images;
			path = Resources/images;
			sourceTree = "<group>";
		};
/* End PBXGroup section */

/* Begin PBXNativeTarget section */
		9900CBB41499EA26003B8D76 /* MedicalPDFReader */ = {
			isa = PBXNativeTarget;
			buildConfigurationList = 9900CBD31499EA26003B8D76 /* Build configuration list for PBXNativeTarget "MedicalPDFReader" */;
			buildPhases = (
				9900CBB11499EA26003B8D76 /* Sources */,
				9900CBB21499EA26003B8D76 /* Frameworks */,
				9900CBB31499EA26003B8D76 /* Resources */,
			);
			buildRules = (
			);
			dependencies = (
			);
			name = MedicalPDFReader;
			productName = MedicalPDFReader;
			productReference = 9900CBB51499EA26003B8D76 /* MedicalPDFReader.app */;
			productType = "com.apple.product-type.application";
		};
/* End PBXNativeTarget section */

/* Begin PBXProject section */
		9900CBAC1499EA26003B8D76 /* Project object */ = {
			isa = PBXProject;
			attributes = {
				LastUpgradeCheck = 0420;
			};
			buildConfigurationList = 9900CBAF1499EA26003B8D76 /* Build configuration list for PBXProject "MedicalPDFReader" */;
			compatibilityVersion = "Xcode 3.2";
			developmentRegion = English;
			hasScannedForEncodings = 0;
			knownRegions = (
				en,
			);
			mainGroup = 9900CBAA1499EA26003B8D76;
			productRefGroup = 9900CBB61499EA26003B8D76 /* Products */;
			projectDirPath = "";
			projectRoot = "";
			targets = (
				9900CBB41499EA26003B8D76 /* MedicalPDFReader */,
			);
		};
/* End PBXProject section */

/* Begin PBXResourcesBuildPhase section */
		9900CBB31499EA26003B8D76 /* Resources */ = {
			isa = PBXResourcesBuildPhase;
			buildActionMask = 2147483647;
			files = (
				9900CBC41499EA26003B8D76 /* InfoPlist.strings in Resources */,
				9900CBD01499EA26003B8D76 /* ViewController.xib in Resources */,
				9900CBE11499ECDD003B8D76 /* data.pdf in Resources */,
				99B182D8149A280100BBDBE8 /* Reader-Button-H.png in Resources */,
				99B182D9149A280100BBDBE8 /* Reader-Button-H@2x.png in Resources */,
				99B182DA149A280100BBDBE8 /* Reader-Button-N.png in Resources */,
				99B182DB149A280100BBDBE8 /* Reader-Button-N@2x.png in Resources */,
				99B182DC149A280100BBDBE8 /* Reader-Mark-N.png in Resources */,
				99B182DD149A280100BBDBE8 /* Reader-Mark-N@2x.png in Resources */,
				99B182DE149A280100BBDBE8 /* Reader-Mark-Y.png in Resources */,
				99B182DF149A280100BBDBE8 /* Reader-Mark-Y@2x.png in Resources */,
			);
			runOnlyForDeploymentPostprocessing = 0;
		};
/* End PBXResourcesBuildPhase section */

/* Begin PBXSourcesBuildPhase section */
		9900CBB11499EA26003B8D76 /* Sources */ = {
			isa = PBXSourcesBuildPhase;
			buildActionMask = 2147483647;
			files = (
				9900CBC61499EA26003B8D76 /* main.m in Sources */,
				9900CBCA1499EA26003B8D76 /* AppDelegate.m in Sources */,
				9900CBCD1499EA26003B8D76 /* ViewController.m in Sources */,
				9900CBD91499EC5E003B8D76 /* PDFPageView.m in Sources */,
				9900CBDD1499EC88003B8D76 /* PDFSearchClass.m in Sources */,
				9900CBF9149A0E03003B8D76 /* PDFPageContainerScrollView.m in Sources */,
				9900CC05149A1F40003B8D76 /* ReaderConstants.m in Sources */,
				9900CC06149A1F40003B8D76 /* ReaderContentPage.m in Sources */,
				9900CC07149A1F40003B8D76 /* ReaderContentView.m in Sources */,
				9900CC08149A1F40003B8D76 /* ReaderDocument.m in Sources */,
				9900CC09149A1F40003B8D76 /* ReaderViewController.m in Sources */,
				9900CC0C149A200B003B8D76 /* ReaderContentTile.m in Sources */,
				9900CC0F149A2033003B8D76 /* CGPDFDocument.m in Sources */,
				9900CC1C149A21B8003B8D76 /* ReaderMainToolbar.m in Sources */,
				99B182CD149A228C00BBDBE8 /* UIXToolbarView.m in Sources */,
			);
			runOnlyForDeploymentPostprocessing = 0;
		};
/* End PBXSourcesBuildPhase section */

/* Begin PBXVariantGroup section */
		9900CBC21499EA26003B8D76 /* InfoPlist.strings */ = {
			isa = PBXVariantGroup;
			children = (
				9900CBC31499EA26003B8D76 /* en */,
			);
			name = InfoPlist.strings;
			sourceTree = "<group>";
		};
		9900CBCE1499EA26003B8D76 /* ViewController.xib */ = {
			isa = PBXVariantGroup;
			children = (
				9900CBCF1499EA26003B8D76 /* en */,
			);
			name = ViewController.xib;
			sourceTree = "<group>";
		};
/* End PBXVariantGroup section */

/* Begin XCBuildConfiguration section */
		9900CBD11499EA26003B8D76 /* Debug */ = {
			isa = XCBuildConfiguration;
			buildSettings = {
				ALWAYS_SEARCH_USER_PATHS = NO;
				ARCHS = "$(ARCHS_STANDARD_32_BIT)";
				CLANG_ENABLE_OBJC_ARC = YES;
				"CODE_SIGN_IDENTITY[sdk=iphoneos*]" = "iPhone Developer";
				COPY_PHASE_STRIP = NO;
				GCC_C_LANGUAGE_STANDARD = gnu99;
				GCC_DYNAMIC_NO_PIC = NO;
				GCC_OPTIMIZATION_LEVEL = 0;
				GCC_PREPROCESSOR_DEFINITIONS = (
					"DEBUG=1",
					"$(inherited)",
				);
				GCC_SYMBOLS_PRIVATE_EXTERN = NO;
				GCC_VERSION = com.apple.compilers.llvm.clang.1_0;
				GCC_WARN_ABOUT_MISSING_PROTOTYPES = YES;
				GCC_WARN_ABOUT_RETURN_TYPE = YES;
				GCC_WARN_UNUSED_VARIABLE = YES;
				IPHONEOS_DEPLOYMENT_TARGET = 5.0;
				SDKROOT = iphoneos;
				TARGETED_DEVICE_FAMILY = 2;
			};
			name = Debug;
		};
		9900CBD21499EA26003B8D76 /* Release */ = {
			isa = XCBuildConfiguration;
			buildSettings = {
				ALWAYS_SEARCH_USER_PATHS = NO;
				ARCHS = "$(ARCHS_STANDARD_32_BIT)";
				CLANG_ENABLE_OBJC_ARC = YES;
				"CODE_SIGN_IDENTITY[sdk=iphoneos*]" = "iPhone Developer";
				COPY_PHASE_STRIP = YES;
				GCC_C_LANGUAGE_STANDARD = gnu99;
				GCC_VERSION = com.apple.compilers.llvm.clang.1_0;
				GCC_WARN_ABOUT_MISSING_PROTOTYPES = YES;
				GCC_WARN_ABOUT_RETURN_TYPE = YES;
				GCC_WARN_UNUSED_VARIABLE = YES;
				IPHONEOS_DEPLOYMENT_TARGET = 5.0;
				OTHER_CFLAGS = "-DNS_BLOCK_ASSERTIONS=1";
				SDKROOT = iphoneos;
				TARGETED_DEVICE_FAMILY = 2;
				VALIDATE_PRODUCT = YES;
			};
			name = Release;
		};
		9900CBD41499EA26003B8D76 /* Debug */ = {
			isa = XCBuildConfiguration;
			buildSettings = {
				GCC_PRECOMPILE_PREFIX_HEADER = YES;
				GCC_PREFIX_HEADER = "MedicalPDFReader/MedicalPDFReader-Prefix.pch";
				INFOPLIST_FILE = "MedicalPDFReader/MedicalPDFReader-Info.plist";
				IPHONEOS_DEPLOYMENT_TARGET = 4.0;
				PRODUCT_NAME = "$(TARGET_NAME)";
				WRAPPER_EXTENSION = app;
			};
			name = Debug;
		};
		9900CBD51499EA26003B8D76 /* Release */ = {
			isa = XCBuildConfiguration;
			buildSettings = {
				GCC_PRECOMPILE_PREFIX_HEADER = YES;
				GCC_PREFIX_HEADER = "MedicalPDFReader/MedicalPDFReader-Prefix.pch";
				INFOPLIST_FILE = "MedicalPDFReader/MedicalPDFReader-Info.plist";
				IPHONEOS_DEPLOYMENT_TARGET = 4.0;
				PRODUCT_NAME = "$(TARGET_NAME)";
				WRAPPER_EXTENSION = app;
			};
			name = Release;
		};
/* End XCBuildConfiguration section */

/* Begin XCConfigurationList section */
		9900CBAF1499EA26003B8D76 /* Build configuration list for PBXProject "MedicalPDFReader" */ = {
			isa = XCConfigurationList;
			buildConfigurations = (
				9900CBD11499EA26003B8D76 /* Debug */,
				9900CBD21499EA26003B8D76 /* Release */,
			);
			defaultConfigurationIsVisible = 0;
			defaultConfigurationName = Release;
		};
		9900CBD31499EA26003B8D76 /* Build configuration list for PBXNativeTarget "MedicalPDFReader" */ = {
			isa = XCConfigurationList;
			buildConfigurations = (
				9900CBD41499EA26003B8D76 /* Debug */,
				9900CBD51499EA26003B8D76 /* Release */,
			);
			defaultConfigurationIsVisible = 0;
			defaultConfigurationName = Release;
		};
/* End XCConfigurationList section */
	};
	rootObject = 9900CBAC1499EA26003B8D76 /* Project object */;
}
