// !$*UTF8*$!
{
	archiveVersion = 1;
	classes = {
	};
	objectVersion = 46;
	objects = {

/* Begin PBXBuildFile section */
		9900CBBA1499EA26003B8D76 /* UIKit.framework in Frameworks */ = {isa = PBXBuildFile; fileRef = 9900CBB91499EA26003B8D76 /* UIKit.framework */; };
		9900CBBC1499EA26003B8D76 /* Foundation.framework in Frameworks */ = {isa = PBXBuildFile; fileRef = 9900CBBB1499EA26003B8D76 /* Foundation.framework */; };
		9900CBBE1499EA26003B8D76 /* CoreGraphics.framework in Frameworks */ = {isa = PBXBuildFile; fileRef = 9900CBBD1499EA26003B8D76 /* CoreGraphics.framework */; };
		9900CBC41499EA26003B8D76 /* InfoPlist.strings in Resources */ = {isa = PBXBuildFile; fileRef = 9900CBC21499EA26003B8D76 /* InfoPlist.strings */; };
		9900CBC61499EA26003B8D76 /* main.m in Sources */ = {isa = PBXBuildFile; fileRef = 9900CBC51499EA26003B8D76 /* main.m */; };
		9900CBCA1499EA26003B8D76 /* AppDelegate.m in Sources */ = {isa = PBXBuildFile; fileRef = 9900CBC91499EA26003B8D76 /* AppDelegate.m */; };
		9900CBCD1499EA26003B8D76 /* ViewController.m in Sources */ = {isa = PBXBuildFile; fileRef = 9900CBCC1499EA26003B8D76 /* ViewController.m */; };
		9900CBD01499EA26003B8D76 /* ViewController.xib in Resources */ = {isa = PBXBuildFile; fileRef = 9900CBCE1499EA26003B8D76 /* ViewController.xib */; };
		9900CBD91499EC5E003B8D76 /* PDFPageView.m in Sources */ = {isa = PBXBuildFile; fileRef = 9900CBD81499EC5E003B8D76 /* PDFPageView.m */; };
		9900CBDD1499EC88003B8D76 /* PDFSearchClass.m in Sources */ = {isa = PBXBuildFile; fileRef = 9900CBDC1499EC88003B8D76 /* PDFSearchClass.m */; };
		9900CBE11499ECDD003B8D76 /* data.pdf in Resources */ = {isa = PBXBuildFile; fileRef = 9900CBE01499ECDD003B8D76 /* data.pdf */; };
/* End PBXBuildFile section */

/* Begin PBXFileReference section */
		9900CBB51499EA26003B8D76 /* MedicalPDFReader.app */ = {isa = PBXFileReference; explicitFileType = wrapper.application; includeInIndex = 0; path = MedicalPDFReader.app; sourceTree = BUILT_PRODUCTS_DIR; };
		9900CBB91499EA26003B8D76 /* UIKit.framework */ = {isa = PBXFileReference; lastKnownFileType = wrapper.framework; name = UIKit.framework; path = System/Library/Frameworks/UIKit.framework; sourceTree = SDKROOT; };
		9900CBBB1499EA26003B8D76 /* Foundation.framework */ = {isa = PBXFileReference; lastKnownFileType = wrapper.framework; name = Foundation.framework; path = System/Library/Frameworks/Foundation.framework; sourceTree = SDKROOT; };
		9900CBBD1499EA26003B8D76 /* CoreGraphics.framework */ = {isa = PBXFileReference; lastKnownFileType = wrapper.framework; name = CoreGraphics.framework; path = System/Library/Frameworks/CoreGraphics.framework; sourceTree = SDKROOT; };
		9900CBC11499EA26003B8D76 /* MedicalPDFReader-Info.plist */ = {isa = PBXFileReference; lastKnownFileType = text.plist.xml; path = "MedicalPDFReader-Info.plist"; sourceTree = "<group>"; };
		9900CBC31499EA26003B8D76 /* en */ = {isa = PBXFileReference; lastKnownFileType = text.plist.strings; name = en; path = en.lproj/InfoPlist.strings; sourceTree = "<group>"; };
		9900CBC51499EA26003B8D76 /* main.m */ = {isa = PBXFileReference; lastKnownFileType = sourcecode.c.objc; path = main.m; sourceTree = "<group>"; };
		9900CBC71499EA26003B8D76 /* MedicalPDFReader-Prefix.pch */ = {isa = PBXFileReference; lastKnownFileType = sourcecode.c.h; path = "MedicalPDFReader-Prefix.pch"; sourceTree = "<group>"; };
		9900CBC81499EA26003B8D76 /* AppDelegate.h */ = {isa = PBXFileReference; lastKnownFileType = sourcecode.c.h; path = AppDelegate.h; sourceTree = "<group>"; };
		9900CBC91499EA26003B8D76 /* AppDelegate.m */ = {isa = PBXFileReference; lastKnownFileType = sourcecode.c.objc; path = AppDelegate.m; sourceTree = "<group>"; };
		9900CBCB1499EA26003B8D76 /* ViewController.h */ = {isa = PBXFileReference; lastKnownFileType = sourcecode.c.h; path = ViewController.h; sourceTree = "<group>"; };
		9900CBCC1499EA26003B8D76 /* ViewController.m */ = {isa = PBXFileReference; lastKnownFileType = sourcecode.c.objc; path = ViewController.m; sourceTree = "<group>"; };
		9900CBCF1499EA26003B8D76 /* en */ = {isa = PBXFileReference; lastKnownFileType = file.xib; name = en; path = en.lproj/ViewController.xib; sourceTree = "<group>"; };
		9900CBD71499EC5E003B8D76 /* PDFPageView.h */ = {isa = PBXFileReference; fileEncoding = 4; lastKnownFileType = sourcecode.c.h; name = PDFPageView.h; path = PDFPageView/PDFPageView.h; sourceTree = "<group>"; };
		9900CBD81499EC5E003B8D76 /* PDFPageView.m */ = {isa = PBXFileReference; fileEncoding = 4; lastKnownFileType = sourcecode.c.objc; name = PDFPageView.m; path = PDFPageView/PDFPageView.m; sourceTree = "<group>"; };
		9900CBDB1499EC88003B8D76 /* PDFSearchClass.h */ = {isa = PBXFileReference; fileEncoding = 4; lastKnownFileType = sourcecode.c.h; name = PDFSearchClass.h; path = "PDF Search Class/PDFSearchClass.h"; sourceTree = "<group>"; };
		9900CBDC1499EC88003B8D76 /* PDFSearchClass.m */ = {isa = PBXFileReference; fileEncoding = 4; lastKnownFileType = sourcecode.c.objc; name = PDFSearchClass.m; path = "PDF Search Class/PDFSearchClass.m"; sourceTree = "<group>"; };
		9900CBE01499ECDD003B8D76 /* data.pdf */ = {isa = PBXFileReference; lastKnownFileType = image.pdf; path = data.pdf; sourceTree = "<group>"; };
/* End PBXFileReference section */

/* Begin PBXFrameworksBuildPhase section */
		9900CBB21499EA26003B8D76 /* Frameworks */ = {
			isa = PBXFrameworksBuildPhase;
			buildActionMask = 2147483647;
			files = (
				9900CBBA1499EA26003B8D76 /* UIKit.framework in Frameworks */,
				9900CBBC1499EA26003B8D76 /* Foundation.framework in Frameworks */,
				9900CBBE1499EA26003B8D76 /* CoreGraphics.framework in Frameworks */,
			);
			runOnlyForDeploymentPostprocessing = 0;
		};
/* End PBXFrameworksBuildPhase section */

/* Begin PBXGroup section */
		9900CBAA1499EA26003B8D76 = {
			isa = PBXGroup;
			children = (
				9900CBBF1499EA26003B8D76 /* MedicalPDFReader */,
				9900CBB81499EA26003B8D76 /* Frameworks */,
				9900CBB61499EA26003B8D76 /* Products */,
			);
			sourceTree = "<group>";
		};
		9900CBB61499EA26003B8D76 /* Products */ = {
			isa = PBXGroup;
			children = (
				9900CBB51499EA26003B8D76 /* MedicalPDFReader.app */,
			);
			name = Products;
			sourceTree = "<group>";
		};
		9900CBB81499EA26003B8D76 /* Frameworks */ = {
			isa = PBXGroup;
			children = (
				9900CBB91499EA26003B8D76 /* UIKit.framework */,
				9900CBBB1499EA26003B8D76 /* Foundation.framework */,
				9900CBBD1499EA26003B8D76 /* CoreGraphics.framework */,
			);
			name = Frameworks;
			sourceTree = "<group>";
		};
		9900CBBF1499EA26003B8D76 /* MedicalPDFReader */ = {
			isa = PBXGroup;
			children = (
				9900CBDA1499EC6B003B8D76 /* PDF Search */,
				9900CBD61499EC3F003B8D76 /* PDF Page View */,
				9900CBC81499EA26003B8D76 /* AppDelegate.h */,
				9900CBC91499EA26003B8D76 /* AppDelegate.m */,
				9900CBCB1499EA26003B8D76 /* ViewController.h */,
				9900CBCC1499EA26003B8D76 /* ViewController.m */,
				9900CBCE1499EA26003B8D76 /* ViewController.xib */,
				9900CBC01499EA26003B8D76 /* Supporting Files */,
			);
			path = MedicalPDFReader;
			sourceTree = "<group>";
		};
		9900CBC01499EA26003B8D76 /* Supporting Files */ = {
			isa = PBXGroup;
			children = (
				9900CBDE1499EC8D003B8D76 /* Resources */,
				9900CBC11499EA26003B8D76 /* MedicalPDFReader-Info.plist */,
				9900CBC21499EA26003B8D76 /* InfoPlist.strings */,
				9900CBC51499EA26003B8D76 /* main.m */,
				9900CBC71499EA26003B8D76 /* MedicalPDFReader-Prefix.pch */,
			);
			name = "Supporting Files";
			sourceTree = "<group>";
		};
		9900CBD61499EC3F003B8D76 /* PDF Page View */ = {
			isa = PBXGroup;
			children = (
				9900CBD71499EC5E003B8D76 /* PDFPageView.h */,
				9900CBD81499EC5E003B8D76 /* PDFPageView.m */,
			);
			name = "PDF Page View";
			sourceTree = "<group>";
		};
		9900CBDA1499EC6B003B8D76 /* PDF Search */ = {
			isa = PBXGroup;
			children = (
				9900CBDB1499EC88003B8D76 /* PDFSearchClass.h */,
				9900CBDC1499EC88003B8D76 /* PDFSearchClass.m */,
			);
			name = "PDF Search";
			sourceTree = "<group>";
		};
		9900CBDE1499EC8D003B8D76 /* Resources */ = {
			isa = PBXGroup;
			children = (
				9900CBDF1499ECDD003B8D76 /* pdf */,
			);
			name = Resources;
			sourceTree = "<group>";
		};
		9900CBDF1499ECDD003B8D76 /* pdf */ = {
			isa = PBXGroup;
			children = (
				9900CBE01499ECDD003B8D76 /* data.pdf */,
			);
			name = pdf;
			path = Resources/pdf;
			sourceTree = "<group>";
		};
/* End PBXGroup section */

/* Begin PBXNativeTarget section */
		9900CBB41499EA26003B8D76 /* MedicalPDFReader */ = {
			isa = PBXNativeTarget;
			buildConfigurationList = 9900CBD31499EA26003B8D76 /* Build configuration list for PBXNativeTarget "MedicalPDFReader" */;
			buildPhases = (
				9900CBB11499EA26003B8D76 /* Sources */,
				9900CBB21499EA26003B8D76 /* Frameworks */,
				9900CBB31499EA26003B8D76 /* Resources */,
			);
			buildRules = (
			);
			dependencies = (
			);
			name = MedicalPDFReader;
			productName = MedicalPDFReader;
			productReference = 9900CBB51499EA26003B8D76 /* MedicalPDFReader.app */;
			productType = "com.apple.product-type.application";
		};
/* End PBXNativeTarget section */

/* Begin PBXProject section */
		9900CBAC1499EA26003B8D76 /* Project object */ = {
			isa = PBXProject;
			attributes = {
				LastUpgradeCheck = 0420;
			};
			buildConfigurationList = 9900CBAF1499EA26003B8D76 /* Build configuration list for PBXProject "MedicalPDFReader" */;
			compatibilityVersion = "Xcode 3.2";
			developmentRegion = English;
			hasScannedForEncodings = 0;
			knownRegions = (
				en,
			);
			mainGroup = 9900CBAA1499EA26003B8D76;
			productRefGroup = 9900CBB61499EA26003B8D76 /* Products */;
			projectDirPath = "";
			projectRoot = "";
			targets = (
				9900CBB41499EA26003B8D76 /* MedicalPDFReader */,
			);
		};
/* End PBXProject section */

/* Begin PBXResourcesBuildPhase section */
		9900CBB31499EA26003B8D76 /* Resources */ = {
			isa = PBXResourcesBuildPhase;
			buildActionMask = 2147483647;
			files = (
				9900CBC41499EA26003B8D76 /* InfoPlist.strings in Resources */,
				9900CBD01499EA26003B8D76 /* ViewController.xib in Resources */,
				9900CBE11499ECDD003B8D76 /* data.pdf in Resources */,
			);
			runOnlyForDeploymentPostprocessing = 0;
		};
/* End PBXResourcesBuildPhase section */

/* Begin PBXSourcesBuildPhase section */
		9900CBB11499EA26003B8D76 /* Sources */ = {
			isa = PBXSourcesBuildPhase;
			buildActionMask = 2147483647;
			files = (
				9900CBC61499EA26003B8D76 /* main.m in Sources */,
				9900CBCA1499EA26003B8D76 /* AppDelegate.m in Sources */,
				9900CBCD1499EA26003B8D76 /* ViewController.m in Sources */,
				9900CBD91499EC5E003B8D76 /* PDFPageView.m in Sources */,
				9900CBDD1499EC88003B8D76 /* PDFSearchClass.m in Sources */,
			);
			runOnlyForDeploymentPostprocessing = 0;
		};
/* End PBXSourcesBuildPhase section */

/* Begin PBXVariantGroup section */
		9900CBC21499EA26003B8D76 /* InfoPlist.strings */ = {
			isa = PBXVariantGroup;
			children = (
				9900CBC31499EA26003B8D76 /* en */,
			);
			name = InfoPlist.strings;
			sourceTree = "<group>";
		};
		9900CBCE1499EA26003B8D76 /* ViewController.xib */ = {
			isa = PBXVariantGroup;
			children = (
				9900CBCF1499EA26003B8D76 /* en */,
			);
			name = ViewController.xib;
			sourceTree = "<group>";
		};
/* End PBXVariantGroup section */

/* Begin XCBuildConfiguration section */
		9900CBD11499EA26003B8D76 /* Debug */ = {
			isa = XCBuildConfiguration;
			buildSettings = {
				ALWAYS_SEARCH_USER_PATHS = NO;
				ARCHS = "$(ARCHS_STANDARD_32_BIT)";
				CLANG_ENABLE_OBJC_ARC = YES;
				"CODE_SIGN_IDENTITY[sdk=iphoneos*]" = "iPhone Developer";
				COPY_PHASE_STRIP = NO;
				GCC_C_LANGUAGE_STANDARD = gnu99;
				GCC_DYNAMIC_NO_PIC = NO;
				GCC_OPTIMIZATION_LEVEL = 0;
				GCC_PREPROCESSOR_DEFINITIONS = (
					"DEBUG=1",
					"$(inherited)",
				);
				GCC_SYMBOLS_PRIVATE_EXTERN = NO;
				GCC_VERSION = com.apple.compilers.llvm.clang.1_0;
				GCC_WARN_ABOUT_MISSING_PROTOTYPES = YES;
				GCC_WARN_ABOUT_RETURN_TYPE = YES;
				GCC_WARN_UNUSED_VARIABLE = YES;
				IPHONEOS_DEPLOYMENT_TARGET = 5.0;
				SDKROOT = iphoneos;
				TARGETED_DEVICE_FAMILY = 2;
			};
			name = Debug;
		};
		9900CBD21499EA26003B8D76 /* Release */ = {
			isa = XCBuildConfiguration;
			buildSettings = {
				ALWAYS_SEARCH_USER_PATHS = NO;
				ARCHS = "$(ARCHS_STANDARD_32_BIT)";
				CLANG_ENABLE_OBJC_ARC = YES;
				"CODE_SIGN_IDENTITY[sdk=iphoneos*]" = "iPhone Developer";
				COPY_PHASE_STRIP = YES;
				GCC_C_LANGUAGE_STANDARD = gnu99;
				GCC_VERSION = com.apple.compilers.llvm.clang.1_0;
				GCC_WARN_ABOUT_MISSING_PROTOTYPES = YES;
				GCC_WARN_ABOUT_RETURN_TYPE = YES;
				GCC_WARN_UNUSED_VARIABLE = YES;
				IPHONEOS_DEPLOYMENT_TARGET = 5.0;
				OTHER_CFLAGS = "-DNS_BLOCK_ASSERTIONS=1";
				SDKROOT = iphoneos;
				TARGETED_DEVICE_FAMILY = 2;
				VALIDATE_PRODUCT = YES;
			};
			name = Release;
		};
		9900CBD41499EA26003B8D76 /* Debug */ = {
			isa = XCBuildConfiguration;
			buildSettings = {
				GCC_PRECOMPILE_PREFIX_HEADER = YES;
				GCC_PREFIX_HEADER = "MedicalPDFReader/MedicalPDFReader-Prefix.pch";
				INFOPLIST_FILE = "MedicalPDFReader/MedicalPDFReader-Info.plist";
				PRODUCT_NAME = "$(TARGET_NAME)";
				WRAPPER_EXTENSION = app;
			};
			name = Debug;
		};
		9900CBD51499EA26003B8D76 /* Release */ = {
			isa = XCBuildConfiguration;
			buildSettings = {
				GCC_PRECOMPILE_PREFIX_HEADER = YES;
				GCC_PREFIX_HEADER = "MedicalPDFReader/MedicalPDFReader-Prefix.pch";
				INFOPLIST_FILE = "MedicalPDFReader/MedicalPDFReader-Info.plist";
				PRODUCT_NAME = "$(TARGET_NAME)";
				WRAPPER_EXTENSION = app;
			};
			name = Release;
		};
/* End XCBuildConfiguration section */

/* Begin XCConfigurationList section */
		9900CBAF1499EA26003B8D76 /* Build configuration list for PBXProject "MedicalPDFReader" */ = {
			isa = XCConfigurationList;
			buildConfigurations = (
				9900CBD11499EA26003B8D76 /* Debug */,
				9900CBD21499EA26003B8D76 /* Release */,
			);
			defaultConfigurationIsVisible = 0;
			defaultConfigurationName = Release;
		};
		9900CBD31499EA26003B8D76 /* Build configuration list for PBXNativeTarget "MedicalPDFReader" */ = {
			isa = XCConfigurationList;
			buildConfigurations = (
				9900CBD41499EA26003B8D76 /* Debug */,
				9900CBD51499EA26003B8D76 /* Release */,
			);
			defaultConfigurationIsVisible = 0;
		};
/* End XCConfigurationList section */
	};
	rootObject = 9900CBAC1499EA26003B8D76 /* Project object */;
}
